
Microsoft Visual Studio Solution File, Format Version 12.00
# Visual Studio Version 16
VisualStudioVersion = 16.0.29021.104
MinimumVisualStudioVersion = 10.0.40219.1
Project("{FAE04EC0-301F-11D3-BF4B-00C04F79EFBC}") = "SingleExecutableDemo", "SingleExecutableDemo\SingleExecutableDemo.csproj", "{FF8EFB1D-4DBE-44B3-B02F-A5674C76ED01}"
EndProject
Global
	GlobalSection(SolutionConfigurationPlatforms) = preSolution
		Debug|Any CPU = Debug|Any CPU
		Release|Any CPU = Release|Any CPU
	EndGlobalSection
	GlobalSection(ProjectConfigurationPlatforms) = postSolution
		{FF8EFB1D-4DBE-44B3-B02F-A5674C76ED01}.Debug|Any CPU.ActiveCfg = Debug|Any CPU
		{FF8EFB1D-4DBE-44B3-B02F-A5674C76ED01}.Debug|Any CPU.Build.0 = Debug|Any CPU
		{FF8EFB1D-4DBE-44B3-B02F-A5674C76ED01}.Release|Any CPU.ActiveCfg = Release|Any CPU
		{FF8EFB1D-4DBE-44B3-B02F-A5674C76ED01}.Release|Any CPU.Build.0 = Release|Any CPU
	EndGlobalSection
	GlobalSection(SolutionProperties) = preSolution
		HideSolutionNode = FALSE
	EndGlobalSection
	GlobalSection(ExtensibilityGlobals) = postSolution
		SolutionGuid = {B58EDFDA-21C7-4B6E-BD83-E227466F5D19}
	EndGlobalSection
EndGlobal
